
Microsoft Visual Studio Solution File, Format Version 12.00
# Visual Studio Version 16
VisualStudioVersion = 16.0.30711.63
MinimumVisualStudioVersion = 10.0.40219.1
Project("{9A19103F-16F7-4668-BE54-9A1E7A4F7556}") = "Findary", "Findary\Findary.csproj", "{0E43BABE-570C-40CD-846C-256286494DD4}"
EndProject
Project("{FAE04EC0-301F-11D3-BF4B-00C04F79EFBC}") = "Findary.Test", "Findary.Test\Findary.Test.csproj", "{B429ADD5-385E-454E-82E5-29624E7F6A96}"
EndProject
Global
	GlobalSection(SolutionConfigurationPlatforms) = preSolution
		Debug|Any CPU = Debug|Any CPU
		Release|Any CPU = Release|Any CPU
	EndGlobalSection
	GlobalSection(ProjectConfigurationPlatforms) = postSolution
		{0E43BABE-570C-40CD-846C-256286494DD4}.Debug|Any CPU.ActiveCfg = Debug|Any CPU
		{0E43BABE-570C-40CD-846C-256286494DD4}.Debug|Any CPU.Build.0 = Debug|Any CPU
		{0E43BABE-570C-40CD-846C-256286494DD4}.Release|Any CPU.ActiveCfg = Release|Any CPU
		{0E43BABE-570C-40CD-846C-256286494DD4}.Release|Any CPU.Build.0 = Release|Any CPU
		{B429ADD5-385E-454E-82E5-29624E7F6A96}.Debug|Any CPU.ActiveCfg = Debug|Any CPU
		{B429ADD5-385E-454E-82E5-29624E7F6A96}.Debug|Any CPU.Build.0 = Debug|Any CPU
		{B429ADD5-385E-454E-82E5-29624E7F6A96}.Release|Any CPU.ActiveCfg = Release|Any CPU
		{B429ADD5-385E-454E-82E5-29624E7F6A96}.Release|Any CPU.Build.0 = Release|Any CPU
	EndGlobalSection
	GlobalSection(SolutionProperties) = preSolution
		HideSolutionNode = FALSE
	EndGlobalSection
	GlobalSection(ExtensibilityGlobals) = postSolution
		SolutionGuid = {916495FE-180B-4571-9658-AB23310E63FE}
	EndGlobalSection
EndGlobal
